
Microsoft Visual Studio Solution File, Format Version 12.00
# Visual Studio 15
VisualStudioVersion = 15.0.27130.2010
MinimumVisualStudioVersion = 10.0.40219.1
Project("{9A19103F-16F7-4668-BE54-9A1E7A4F7556}") = "Pogodeo", "Pogodeo\Pogodeo.csproj", "{932A5CFD-380A-4F72-A250-D1FC6618CB42}"
EndProject
Project("{9A19103F-16F7-4668-BE54-9A1E7A4F7556}") = "Pogodeo.DataAccess", "Pogodeo.DataAccess\Pogodeo.DataAccess.csproj", "{79D2FF58-44AA-493D-AD6B-F877DB888AF7}"
EndProject
Project("{9A19103F-16F7-4668-BE54-9A1E7A4F7556}") = "Pogodeo.Services", "Pogodeo.Services\Pogodeo.Services.csproj", "{C78D7DBB-1E59-4752-AF6E-09E9820C8E55}"
EndProject
Project("{FAE04EC0-301F-11D3-BF4B-00C04F79EFBC}") = "Pogodeo.Core", "Pogodeo.Core\Pogodeo.Core.csproj", "{A53647B1-7345-4FD7-8FAE-851393EA347A}"
EndProject
Global
	GlobalSection(SolutionConfigurationPlatforms) = preSolution
		Ad-Hoc|Any CPU = Ad-Hoc|Any CPU
		Ad-Hoc|iPhone = Ad-Hoc|iPhone
		Ad-Hoc|iPhoneSimulator = Ad-Hoc|iPhoneSimulator
		AppStore|Any CPU = AppStore|Any CPU
		AppStore|iPhone = AppStore|iPhone
		AppStore|iPhoneSimulator = AppStore|iPhoneSimulator
		Debug|Any CPU = Debug|Any CPU
		Debug|iPhone = Debug|iPhone
		Debug|iPhoneSimulator = Debug|iPhoneSimulator
		Release|Any CPU = Release|Any CPU
		Release|iPhone = Release|iPhone
		Release|iPhoneSimulator = Release|iPhoneSimulator
	EndGlobalSection
	GlobalSection(ProjectConfigurationPlatforms) = postSolution
		{932A5CFD-380A-4F72-A250-D1FC6618CB42}.Ad-Hoc|Any CPU.ActiveCfg = Release|Any CPU
		{932A5CFD-380A-4F72-A250-D1FC6618CB42}.Ad-Hoc|Any CPU.Build.0 = Release|Any CPU
		{932A5CFD-380A-4F72-A250-D1FC6618CB42}.Ad-Hoc|iPhone.ActiveCfg = Release|Any CPU
		{932A5CFD-380A-4F72-A250-D1FC6618CB42}.Ad-Hoc|iPhone.Build.0 = Release|Any CPU
		{932A5CFD-380A-4F72-A250-D1FC6618CB42}.Ad-Hoc|iPhoneSimulator.ActiveCfg = Release|Any CPU
		{932A5CFD-380A-4F72-A250-D1FC6618CB42}.Ad-Hoc|iPhoneSimulator.Build.0 = Release|Any CPU
		{932A5CFD-380A-4F72-A250-D1FC6618CB42}.AppStore|Any CPU.ActiveCfg = Release|Any CPU
		{932A5CFD-380A-4F72-A250-D1FC6618CB42}.AppStore|Any CPU.Build.0 = Release|Any CPU
		{932A5CFD-380A-4F72-A250-D1FC6618CB42}.AppStore|iPhone.ActiveCfg = Release|Any CPU
		{932A5CFD-380A-4F72-A250-D1FC6618CB42}.AppStore|iPhone.Build.0 = Release|Any CPU
		{932A5CFD-380A-4F72-A250-D1FC6618CB42}.AppStore|iPhoneSimulator.ActiveCfg = Release|Any CPU
		{932A5CFD-380A-4F72-A250-D1FC6618CB42}.AppStore|iPhoneSimulator.Build.0 = Release|Any CPU
		{932A5CFD-380A-4F72-A250-D1FC6618CB42}.Debug|Any CPU.ActiveCfg = Debug|Any CPU
		{932A5CFD-380A-4F72-A250-D1FC6618CB42}.Debug|Any CPU.Build.0 = Debug|Any CPU
		{932A5CFD-380A-4F72-A250-D1FC6618CB42}.Debug|iPhone.ActiveCfg = Debug|Any CPU
		{932A5CFD-380A-4F72-A250-D1FC6618CB42}.Debug|iPhone.Build.0 = Debug|Any CPU
		{932A5CFD-380A-4F72-A250-D1FC6618CB42}.Debug|iPhoneSimulator.ActiveCfg = Debug|Any CPU
		{932A5CFD-380A-4F72-A250-D1FC6618CB42}.Debug|iPhoneSimulator.Build.0 = Debug|Any CPU
		{932A5CFD-380A-4F72-A250-D1FC6618CB42}.Release|Any CPU.ActiveCfg = Release|Any CPU
		{932A5CFD-380A-4F72-A250-D1FC6618CB42}.Release|Any CPU.Build.0 = Release|Any CPU
		{932A5CFD-380A-4F72-A250-D1FC6618CB42}.Release|iPhone.ActiveCfg = Release|Any CPU
		{932A5CFD-380A-4F72-A250-D1FC6618CB42}.Release|iPhone.Build.0 = Release|Any CPU
		{932A5CFD-380A-4F72-A250-D1FC6618CB42}.Release|iPhoneSimulator.ActiveCfg = Release|Any CPU
		{932A5CFD-380A-4F72-A250-D1FC6618CB42}.Release|iPhoneSimulator.Build.0 = Release|Any CPU
		{79D2FF58-44AA-493D-AD6B-F877DB888AF7}.Ad-Hoc|Any CPU.ActiveCfg = Release|Any CPU
		{79D2FF58-44AA-493D-AD6B-F877DB888AF7}.Ad-Hoc|Any CPU.Build.0 = Release|Any CPU
		{79D2FF58-44AA-493D-AD6B-F877DB888AF7}.Ad-Hoc|iPhone.ActiveCfg = Release|Any CPU
		{79D2FF58-44AA-493D-AD6B-F877DB888AF7}.Ad-Hoc|iPhone.Build.0 = Release|Any CPU
		{79D2FF58-44AA-493D-AD6B-F877DB888AF7}.Ad-Hoc|iPhoneSimulator.ActiveCfg = Release|Any CPU
		{79D2FF58-44AA-493D-AD6B-F877DB888AF7}.Ad-Hoc|iPhoneSimulator.Build.0 = Release|Any CPU
		{79D2FF58-44AA-493D-AD6B-F877DB888AF7}.AppStore|Any CPU.ActiveCfg = Release|Any CPU
		{79D2FF58-44AA-493D-AD6B-F877DB888AF7}.AppStore|Any CPU.Build.0 = Release|Any CPU
		{79D2FF58-44AA-493D-AD6B-F877DB888AF7}.AppStore|iPhone.ActiveCfg = Release|Any CPU
		{79D2FF58-44AA-493D-AD6B-F877DB888AF7}.AppStore|iPhone.Build.0 = Release|Any CPU
		{79D2FF58-44AA-493D-AD6B-F877DB888AF7}.AppStore|iPhoneSimulator.ActiveCfg = Release|Any CPU
		{79D2FF58-44AA-493D-AD6B-F877DB888AF7}.AppStore|iPhoneSimulator.Build.0 = Release|Any CPU
		{79D2FF58-44AA-493D-AD6B-F877DB888AF7}.Debug|Any CPU.ActiveCfg = Debug|Any CPU
		{79D2FF58-44AA-493D-AD6B-F877DB888AF7}.Debug|Any CPU.Build.0 = Debug|Any CPU
		{79D2FF58-44AA-493D-AD6B-F877DB888AF7}.Debug|iPhone.ActiveCfg = Debug|Any CPU
		{79D2FF58-44AA-493D-AD6B-F877DB888AF7}.Debug|iPhone.Build.0 = Debug|Any CPU
		{79D2FF58-44AA-493D-AD6B-F877DB888AF7}.Debug|iPhoneSimulator.ActiveCfg = Debug|Any CPU
		{79D2FF58-44AA-493D-AD6B-F877DB888AF7}.Debug|iPhoneSimulator.Build.0 = Debug|Any CPU
		{79D2FF58-44AA-493D-AD6B-F877DB888AF7}.Release|Any CPU.ActiveCfg = Release|Any CPU
		{79D2FF58-44AA-493D-AD6B-F877DB888AF7}.Release|Any CPU.Build.0 = Release|Any CPU
		{79D2FF58-44AA-493D-AD6B-F877DB888AF7}.Release|iPhone.ActiveCfg = Release|Any CPU
		{79D2FF58-44AA-493D-AD6B-F877DB888AF7}.Release|iPhone.Build.0 = Release|Any CPU
		{79D2FF58-44AA-493D-AD6B-F877DB888AF7}.Release|iPhoneSimulator.ActiveCfg = Release|Any CPU
		{79D2FF58-44AA-493D-AD6B-F877DB888AF7}.Release|iPhoneSimulator.Build.0 = Release|Any CPU
		{C78D7DBB-1E59-4752-AF6E-09E9820C8E55}.Ad-Hoc|Any CPU.ActiveCfg = Release|Any CPU
		{C78D7DBB-1E59-4752-AF6E-09E9820C8E55}.Ad-Hoc|Any CPU.Build.0 = Release|Any CPU
		{C78D7DBB-1E59-4752-AF6E-09E9820C8E55}.Ad-Hoc|iPhone.ActiveCfg = Release|Any CPU
		{C78D7DBB-1E59-4752-AF6E-09E9820C8E55}.Ad-Hoc|iPhone.Build.0 = Release|Any CPU
		{C78D7DBB-1E59-4752-AF6E-09E9820C8E55}.Ad-Hoc|iPhoneSimulator.ActiveCfg = Release|Any CPU
		{C78D7DBB-1E59-4752-AF6E-09E9820C8E55}.Ad-Hoc|iPhoneSimulator.Build.0 = Release|Any CPU
		{C78D7DBB-1E59-4752-AF6E-09E9820C8E55}.AppStore|Any CPU.ActiveCfg = Release|Any CPU
		{C78D7DBB-1E59-4752-AF6E-09E9820C8E55}.AppStore|Any CPU.Build.0 = Release|Any CPU
		{C78D7DBB-1E59-4752-AF6E-09E9820C8E55}.AppStore|iPhone.ActiveCfg = Release|Any CPU
		{C78D7DBB-1E59-4752-AF6E-09E9820C8E55}.AppStore|iPhone.Build.0 = Release|Any CPU
		{C78D7DBB-1E59-4752-AF6E-09E9820C8E55}.AppStore|iPhoneSimulator.ActiveCfg = Release|Any CPU
		{C78D7DBB-1E59-4752-AF6E-09E9820C8E55}.AppStore|iPhoneSimulator.Build.0 = Release|Any CPU
		{C78D7DBB-1E59-4752-AF6E-09E9820C8E55}.Debug|Any CPU.ActiveCfg = Debug|Any CPU
		{C78D7DBB-1E59-4752-AF6E-09E9820C8E55}.Debug|Any CPU.Build.0 = Debug|Any CPU
		{C78D7DBB-1E59-4752-AF6E-09E9820C8E55}.Debug|iPhone.ActiveCfg = Debug|Any CPU
		{C78D7DBB-1E59-4752-AF6E-09E9820C8E55}.Debug|iPhone.Build.0 = Debug|Any CPU
		{C78D7DBB-1E59-4752-AF6E-09E9820C8E55}.Debug|iPhoneSimulator.ActiveCfg = Debug|Any CPU
		{C78D7DBB-1E59-4752-AF6E-09E9820C8E55}.Debug|iPhoneSimulator.Build.0 = Debug|Any CPU
		{C78D7DBB-1E59-4752-AF6E-09E9820C8E55}.Release|Any CPU.ActiveCfg = Release|Any CPU
		{C78D7DBB-1E59-4752-AF6E-09E9820C8E55}.Release|Any CPU.Build.0 = Release|Any CPU
		{C78D7DBB-1E59-4752-AF6E-09E9820C8E55}.Release|iPhone.ActiveCfg = Release|Any CPU
		{C78D7DBB-1E59-4752-AF6E-09E9820C8E55}.Release|iPhone.Build.0 = Release|Any CPU
		{C78D7DBB-1E59-4752-AF6E-09E9820C8E55}.Release|iPhoneSimulator.ActiveCfg = Release|Any CPU
		{C78D7DBB-1E59-4752-AF6E-09E9820C8E55}.Release|iPhoneSimulator.Build.0 = Release|Any CPU
		{A53647B1-7345-4FD7-8FAE-851393EA347A}.Ad-Hoc|Any CPU.ActiveCfg = Debug|Any CPU
		{A53647B1-7345-4FD7-8FAE-851393EA347A}.Ad-Hoc|Any CPU.Build.0 = Debug|Any CPU
		{A53647B1-7345-4FD7-8FAE-851393EA347A}.Ad-Hoc|iPhone.ActiveCfg = Debug|Any CPU
		{A53647B1-7345-4FD7-8FAE-851393EA347A}.Ad-Hoc|iPhone.Build.0 = Debug|Any CPU
		{A53647B1-7345-4FD7-8FAE-851393EA347A}.Ad-Hoc|iPhoneSimulator.ActiveCfg = Debug|Any CPU
		{A53647B1-7345-4FD7-8FAE-851393EA347A}.Ad-Hoc|iPhoneSimulator.Build.0 = Debug|Any CPU
		{A53647B1-7345-4FD7-8FAE-851393EA347A}.AppStore|Any CPU.ActiveCfg = Debug|Any CPU
		{A53647B1-7345-4FD7-8FAE-851393EA347A}.AppStore|Any CPU.Build.0 = Debug|Any CPU
		{A53647B1-7345-4FD7-8FAE-851393EA347A}.AppStore|iPhone.ActiveCfg = Debug|Any CPU
		{A53647B1-7345-4FD7-8FAE-851393EA347A}.AppStore|iPhone.Build.0 = Debug|Any CPU
		{A53647B1-7345-4FD7-8FAE-851393EA347A}.AppStore|iPhoneSimulator.ActiveCfg = Debug|Any CPU
		{A53647B1-7345-4FD7-8FAE-851393EA347A}.AppStore|iPhoneSimulator.Build.0 = Debug|Any CPU
		{A53647B1-7345-4FD7-8FAE-851393EA347A}.Debug|Any CPU.ActiveCfg = Debug|Any CPU
		{A53647B1-7345-4FD7-8FAE-851393EA347A}.Debug|Any CPU.Build.0 = Debug|Any CPU
		{A53647B1-7345-4FD7-8FAE-851393EA347A}.Debug|iPhone.ActiveCfg = Debug|Any CPU
		{A53647B1-7345-4FD7-8FAE-851393EA347A}.Debug|iPhone.Build.0 = Debug|Any CPU
		{A53647B1-7345-4FD7-8FAE-851393EA347A}.Debug|iPhoneSimulator.ActiveCfg = Debug|Any CPU
		{A53647B1-7345-4FD7-8FAE-851393EA347A}.Debug|iPhoneSimulator.Build.0 = Debug|Any CPU
		{A53647B1-7345-4FD7-8FAE-851393EA347A}.Release|Any CPU.ActiveCfg = Release|Any CPU
		{A53647B1-7345-4FD7-8FAE-851393EA347A}.Release|Any CPU.Build.0 = Release|Any CPU
		{A53647B1-7345-4FD7-8FAE-851393EA347A}.Release|iPhone.ActiveCfg = Release|Any CPU
		{A53647B1-7345-4FD7-8FAE-851393EA347A}.Release|iPhone.Build.0 = Release|Any CPU
		{A53647B1-7345-4FD7-8FAE-851393EA347A}.Release|iPhoneSimulator.ActiveCfg = Release|Any CPU
		{A53647B1-7345-4FD7-8FAE-851393EA347A}.Release|iPhoneSimulator.Build.0 = Release|Any CPU
	EndGlobalSection
	GlobalSection(SolutionProperties) = preSolution
		HideSolutionNode = FALSE
	EndGlobalSection
	GlobalSection(ExtensibilityGlobals) = postSolution
		SolutionGuid = {6206EC15-60CB-4EB3-A7E2-F0DBC1C61E8F}
	EndGlobalSection
EndGlobal
