
Microsoft Visual Studio Solution File, Format Version 12.00
# Visual Studio 15
VisualStudioVersion = 15.0.27130.2010
MinimumVisualStudioVersion = 10.0.40219.1
Project("{9A19103F-16F7-4668-BE54-9A1E7A4F7556}") = "Pogodeo", "Pogodeo\Pogodeo.csproj", "{932A5CFD-380A-4F72-A250-D1FC6618CB42}"
EndProject
Project("{9A19103F-16F7-4668-BE54-9A1E7A4F7556}") = "Pogodeo.DataAccess", "Pogodeo.DataAccess\Pogodeo.DataAccess.csproj", "{79D2FF58-44AA-493D-AD6B-F877DB888AF7}"
EndProject
Project("{9A19103F-16F7-4668-BE54-9A1E7A4F7556}") = "Pogodeo.Services", "Pogodeo.Services\Pogodeo.Services.csproj", "{C78D7DBB-1E59-4752-AF6E-09E9820C8E55}"
EndProject
Project("{FAE04EC0-301F-11D3-BF4B-00C04F79EFBC}") = "Pogodeo.Mobile.Android", "Pogodeo.Mobile\Pogodeo.Mobile.Android\Pogodeo.Mobile.Android.csproj", "{647D5A38-7DD0-41C0-9D6B-E9AD5A97598D}"
EndProject
Project("{FAE04EC0-301F-11D3-BF4B-00C04F79EFBC}") = "Pogodeo.Mobile.iOS", "Pogodeo.Mobile\Pogodeo.Mobile.iOS\Pogodeo.Mobile.iOS.csproj", "{3D973DA0-C0F1-447A-B4A0-26A84A754024}"
EndProject
Project("{FAE04EC0-301F-11D3-BF4B-00C04F79EFBC}") = "Pogodeo.Mobile", "Pogodeo.Mobile\Pogodeo.Mobile\Pogodeo.Mobile.csproj", "{3F9721CE-8E89-4B31-A6AF-5C48DEC3175E}"
EndProject
Global
	GlobalSection(SolutionConfigurationPlatforms) = preSolution
		Ad-Hoc|Any CPU = Ad-Hoc|Any CPU
		Ad-Hoc|iPhone = Ad-Hoc|iPhone
		Ad-Hoc|iPhoneSimulator = Ad-Hoc|iPhoneSimulator
		AppStore|Any CPU = AppStore|Any CPU
		AppStore|iPhone = AppStore|iPhone
		AppStore|iPhoneSimulator = AppStore|iPhoneSimulator
		Debug|Any CPU = Debug|Any CPU
		Debug|iPhone = Debug|iPhone
		Debug|iPhoneSimulator = Debug|iPhoneSimulator
		Release|Any CPU = Release|Any CPU
		Release|iPhone = Release|iPhone
		Release|iPhoneSimulator = Release|iPhoneSimulator
	EndGlobalSection
	GlobalSection(ProjectConfigurationPlatforms) = postSolution
		{932A5CFD-380A-4F72-A250-D1FC6618CB42}.Ad-Hoc|Any CPU.ActiveCfg = Release|Any CPU
		{932A5CFD-380A-4F72-A250-D1FC6618CB42}.Ad-Hoc|Any CPU.Build.0 = Release|Any CPU
		{932A5CFD-380A-4F72-A250-D1FC6618CB42}.Ad-Hoc|iPhone.ActiveCfg = Release|Any CPU
		{932A5CFD-380A-4F72-A250-D1FC6618CB42}.Ad-Hoc|iPhone.Build.0 = Release|Any CPU
		{932A5CFD-380A-4F72-A250-D1FC6618CB42}.Ad-Hoc|iPhoneSimulator.ActiveCfg = Release|Any CPU
		{932A5CFD-380A-4F72-A250-D1FC6618CB42}.Ad-Hoc|iPhoneSimulator.Build.0 = Release|Any CPU
		{932A5CFD-380A-4F72-A250-D1FC6618CB42}.AppStore|Any CPU.ActiveCfg = Release|Any CPU
		{932A5CFD-380A-4F72-A250-D1FC6618CB42}.AppStore|Any CPU.Build.0 = Release|Any CPU
		{932A5CFD-380A-4F72-A250-D1FC6618CB42}.AppStore|iPhone.ActiveCfg = Release|Any CPU
		{932A5CFD-380A-4F72-A250-D1FC6618CB42}.AppStore|iPhone.Build.0 = Release|Any CPU
		{932A5CFD-380A-4F72-A250-D1FC6618CB42}.AppStore|iPhoneSimulator.ActiveCfg = Release|Any CPU
		{932A5CFD-380A-4F72-A250-D1FC6618CB42}.AppStore|iPhoneSimulator.Build.0 = Release|Any CPU
		{932A5CFD-380A-4F72-A250-D1FC6618CB42}.Debug|Any CPU.ActiveCfg = Debug|Any CPU
		{932A5CFD-380A-4F72-A250-D1FC6618CB42}.Debug|Any CPU.Build.0 = Debug|Any CPU
		{932A5CFD-380A-4F72-A250-D1FC6618CB42}.Debug|iPhone.ActiveCfg = Debug|Any CPU
		{932A5CFD-380A-4F72-A250-D1FC6618CB42}.Debug|iPhone.Build.0 = Debug|Any CPU
		{932A5CFD-380A-4F72-A250-D1FC6618CB42}.Debug|iPhoneSimulator.ActiveCfg = Debug|Any CPU
		{932A5CFD-380A-4F72-A250-D1FC6618CB42}.Debug|iPhoneSimulator.Build.0 = Debug|Any CPU
		{932A5CFD-380A-4F72-A250-D1FC6618CB42}.Release|Any CPU.ActiveCfg = Release|Any CPU
		{932A5CFD-380A-4F72-A250-D1FC6618CB42}.Release|Any CPU.Build.0 = Release|Any CPU
		{932A5CFD-380A-4F72-A250-D1FC6618CB42}.Release|iPhone.ActiveCfg = Release|Any CPU
		{932A5CFD-380A-4F72-A250-D1FC6618CB42}.Release|iPhone.Build.0 = Release|Any CPU
		{932A5CFD-380A-4F72-A250-D1FC6618CB42}.Release|iPhoneSimulator.ActiveCfg = Release|Any CPU
		{932A5CFD-380A-4F72-A250-D1FC6618CB42}.Release|iPhoneSimulator.Build.0 = Release|Any CPU
		{79D2FF58-44AA-493D-AD6B-F877DB888AF7}.Ad-Hoc|Any CPU.ActiveCfg = Release|Any CPU
		{79D2FF58-44AA-493D-AD6B-F877DB888AF7}.Ad-Hoc|Any CPU.Build.0 = Release|Any CPU
		{79D2FF58-44AA-493D-AD6B-F877DB888AF7}.Ad-Hoc|iPhone.ActiveCfg = Release|Any CPU
		{79D2FF58-44AA-493D-AD6B-F877DB888AF7}.Ad-Hoc|iPhone.Build.0 = Release|Any CPU
		{79D2FF58-44AA-493D-AD6B-F877DB888AF7}.Ad-Hoc|iPhoneSimulator.ActiveCfg = Release|Any CPU
		{79D2FF58-44AA-493D-AD6B-F877DB888AF7}.Ad-Hoc|iPhoneSimulator.Build.0 = Release|Any CPU
		{79D2FF58-44AA-493D-AD6B-F877DB888AF7}.AppStore|Any CPU.ActiveCfg = Release|Any CPU
		{79D2FF58-44AA-493D-AD6B-F877DB888AF7}.AppStore|Any CPU.Build.0 = Release|Any CPU
		{79D2FF58-44AA-493D-AD6B-F877DB888AF7}.AppStore|iPhone.ActiveCfg = Release|Any CPU
		{79D2FF58-44AA-493D-AD6B-F877DB888AF7}.AppStore|iPhone.Build.0 = Release|Any CPU
		{79D2FF58-44AA-493D-AD6B-F877DB888AF7}.AppStore|iPhoneSimulator.ActiveCfg = Release|Any CPU
		{79D2FF58-44AA-493D-AD6B-F877DB888AF7}.AppStore|iPhoneSimulator.Build.0 = Release|Any CPU
		{79D2FF58-44AA-493D-AD6B-F877DB888AF7}.Debug|Any CPU.ActiveCfg = Debug|Any CPU
		{79D2FF58-44AA-493D-AD6B-F877DB888AF7}.Debug|Any CPU.Build.0 = Debug|Any CPU
		{79D2FF58-44AA-493D-AD6B-F877DB888AF7}.Debug|iPhone.ActiveCfg = Debug|Any CPU
		{79D2FF58-44AA-493D-AD6B-F877DB888AF7}.Debug|iPhone.Build.0 = Debug|Any CPU
		{79D2FF58-44AA-493D-AD6B-F877DB888AF7}.Debug|iPhoneSimulator.ActiveCfg = Debug|Any CPU
		{79D2FF58-44AA-493D-AD6B-F877DB888AF7}.Debug|iPhoneSimulator.Build.0 = Debug|Any CPU
		{79D2FF58-44AA-493D-AD6B-F877DB888AF7}.Release|Any CPU.ActiveCfg = Release|Any CPU
		{79D2FF58-44AA-493D-AD6B-F877DB888AF7}.Release|Any CPU.Build.0 = Release|Any CPU
		{79D2FF58-44AA-493D-AD6B-F877DB888AF7}.Release|iPhone.ActiveCfg = Release|Any CPU
		{79D2FF58-44AA-493D-AD6B-F877DB888AF7}.Release|iPhone.Build.0 = Release|Any CPU
		{79D2FF58-44AA-493D-AD6B-F877DB888AF7}.Release|iPhoneSimulator.ActiveCfg = Release|Any CPU
		{79D2FF58-44AA-493D-AD6B-F877DB888AF7}.Release|iPhoneSimulator.Build.0 = Release|Any CPU
		{C78D7DBB-1E59-4752-AF6E-09E9820C8E55}.Ad-Hoc|Any CPU.ActiveCfg = Release|Any CPU
		{C78D7DBB-1E59-4752-AF6E-09E9820C8E55}.Ad-Hoc|Any CPU.Build.0 = Release|Any CPU
		{C78D7DBB-1E59-4752-AF6E-09E9820C8E55}.Ad-Hoc|iPhone.ActiveCfg = Release|Any CPU
		{C78D7DBB-1E59-4752-AF6E-09E9820C8E55}.Ad-Hoc|iPhone.Build.0 = Release|Any CPU
		{C78D7DBB-1E59-4752-AF6E-09E9820C8E55}.Ad-Hoc|iPhoneSimulator.ActiveCfg = Release|Any CPU
		{C78D7DBB-1E59-4752-AF6E-09E9820C8E55}.Ad-Hoc|iPhoneSimulator.Build.0 = Release|Any CPU
		{C78D7DBB-1E59-4752-AF6E-09E9820C8E55}.AppStore|Any CPU.ActiveCfg = Release|Any CPU
		{C78D7DBB-1E59-4752-AF6E-09E9820C8E55}.AppStore|Any CPU.Build.0 = Release|Any CPU
		{C78D7DBB-1E59-4752-AF6E-09E9820C8E55}.AppStore|iPhone.ActiveCfg = Release|Any CPU
		{C78D7DBB-1E59-4752-AF6E-09E9820C8E55}.AppStore|iPhone.Build.0 = Release|Any CPU
		{C78D7DBB-1E59-4752-AF6E-09E9820C8E55}.AppStore|iPhoneSimulator.ActiveCfg = Release|Any CPU
		{C78D7DBB-1E59-4752-AF6E-09E9820C8E55}.AppStore|iPhoneSimulator.Build.0 = Release|Any CPU
		{C78D7DBB-1E59-4752-AF6E-09E9820C8E55}.Debug|Any CPU.ActiveCfg = Debug|Any CPU
		{C78D7DBB-1E59-4752-AF6E-09E9820C8E55}.Debug|Any CPU.Build.0 = Debug|Any CPU
		{C78D7DBB-1E59-4752-AF6E-09E9820C8E55}.Debug|iPhone.ActiveCfg = Debug|Any CPU
		{C78D7DBB-1E59-4752-AF6E-09E9820C8E55}.Debug|iPhone.Build.0 = Debug|Any CPU
		{C78D7DBB-1E59-4752-AF6E-09E9820C8E55}.Debug|iPhoneSimulator.ActiveCfg = Debug|Any CPU
		{C78D7DBB-1E59-4752-AF6E-09E9820C8E55}.Debug|iPhoneSimulator.Build.0 = Debug|Any CPU
		{C78D7DBB-1E59-4752-AF6E-09E9820C8E55}.Release|Any CPU.ActiveCfg = Release|Any CPU
		{C78D7DBB-1E59-4752-AF6E-09E9820C8E55}.Release|Any CPU.Build.0 = Release|Any CPU
		{C78D7DBB-1E59-4752-AF6E-09E9820C8E55}.Release|iPhone.ActiveCfg = Release|Any CPU
		{C78D7DBB-1E59-4752-AF6E-09E9820C8E55}.Release|iPhone.Build.0 = Release|Any CPU
		{C78D7DBB-1E59-4752-AF6E-09E9820C8E55}.Release|iPhoneSimulator.ActiveCfg = Release|Any CPU
		{C78D7DBB-1E59-4752-AF6E-09E9820C8E55}.Release|iPhoneSimulator.Build.0 = Release|Any CPU
		{647D5A38-7DD0-41C0-9D6B-E9AD5A97598D}.Ad-Hoc|Any CPU.ActiveCfg = Release|Any CPU
		{647D5A38-7DD0-41C0-9D6B-E9AD5A97598D}.Ad-Hoc|Any CPU.Build.0 = Release|Any CPU
		{647D5A38-7DD0-41C0-9D6B-E9AD5A97598D}.Ad-Hoc|Any CPU.Deploy.0 = Release|Any CPU
		{647D5A38-7DD0-41C0-9D6B-E9AD5A97598D}.Ad-Hoc|iPhone.ActiveCfg = Release|Any CPU
		{647D5A38-7DD0-41C0-9D6B-E9AD5A97598D}.Ad-Hoc|iPhone.Build.0 = Release|Any CPU
		{647D5A38-7DD0-41C0-9D6B-E9AD5A97598D}.Ad-Hoc|iPhone.Deploy.0 = Release|Any CPU
		{647D5A38-7DD0-41C0-9D6B-E9AD5A97598D}.Ad-Hoc|iPhoneSimulator.ActiveCfg = Release|Any CPU
		{647D5A38-7DD0-41C0-9D6B-E9AD5A97598D}.Ad-Hoc|iPhoneSimulator.Build.0 = Release|Any CPU
		{647D5A38-7DD0-41C0-9D6B-E9AD5A97598D}.Ad-Hoc|iPhoneSimulator.Deploy.0 = Release|Any CPU
		{647D5A38-7DD0-41C0-9D6B-E9AD5A97598D}.AppStore|Any CPU.ActiveCfg = Release|Any CPU
		{647D5A38-7DD0-41C0-9D6B-E9AD5A97598D}.AppStore|Any CPU.Build.0 = Release|Any CPU
		{647D5A38-7DD0-41C0-9D6B-E9AD5A97598D}.AppStore|Any CPU.Deploy.0 = Release|Any CPU
		{647D5A38-7DD0-41C0-9D6B-E9AD5A97598D}.AppStore|iPhone.ActiveCfg = Release|Any CPU
		{647D5A38-7DD0-41C0-9D6B-E9AD5A97598D}.AppStore|iPhone.Build.0 = Release|Any CPU
		{647D5A38-7DD0-41C0-9D6B-E9AD5A97598D}.AppStore|iPhone.Deploy.0 = Release|Any CPU
		{647D5A38-7DD0-41C0-9D6B-E9AD5A97598D}.AppStore|iPhoneSimulator.ActiveCfg = Release|Any CPU
		{647D5A38-7DD0-41C0-9D6B-E9AD5A97598D}.AppStore|iPhoneSimulator.Build.0 = Release|Any CPU
		{647D5A38-7DD0-41C0-9D6B-E9AD5A97598D}.AppStore|iPhoneSimulator.Deploy.0 = Release|Any CPU
		{647D5A38-7DD0-41C0-9D6B-E9AD5A97598D}.Debug|Any CPU.ActiveCfg = Debug|Any CPU
		{647D5A38-7DD0-41C0-9D6B-E9AD5A97598D}.Debug|Any CPU.Build.0 = Debug|Any CPU
		{647D5A38-7DD0-41C0-9D6B-E9AD5A97598D}.Debug|Any CPU.Deploy.0 = Debug|Any CPU
		{647D5A38-7DD0-41C0-9D6B-E9AD5A97598D}.Debug|iPhone.ActiveCfg = Debug|Any CPU
		{647D5A38-7DD0-41C0-9D6B-E9AD5A97598D}.Debug|iPhone.Build.0 = Debug|Any CPU
		{647D5A38-7DD0-41C0-9D6B-E9AD5A97598D}.Debug|iPhone.Deploy.0 = Debug|Any CPU
		{647D5A38-7DD0-41C0-9D6B-E9AD5A97598D}.Debug|iPhoneSimulator.ActiveCfg = Debug|Any CPU
		{647D5A38-7DD0-41C0-9D6B-E9AD5A97598D}.Debug|iPhoneSimulator.Build.0 = Debug|Any CPU
		{647D5A38-7DD0-41C0-9D6B-E9AD5A97598D}.Debug|iPhoneSimulator.Deploy.0 = Debug|Any CPU
		{647D5A38-7DD0-41C0-9D6B-E9AD5A97598D}.Release|Any CPU.ActiveCfg = Release|Any CPU
		{647D5A38-7DD0-41C0-9D6B-E9AD5A97598D}.Release|Any CPU.Build.0 = Release|Any CPU
		{647D5A38-7DD0-41C0-9D6B-E9AD5A97598D}.Release|Any CPU.Deploy.0 = Release|Any CPU
		{647D5A38-7DD0-41C0-9D6B-E9AD5A97598D}.Release|iPhone.ActiveCfg = Release|Any CPU
		{647D5A38-7DD0-41C0-9D6B-E9AD5A97598D}.Release|iPhone.Build.0 = Release|Any CPU
		{647D5A38-7DD0-41C0-9D6B-E9AD5A97598D}.Release|iPhone.Deploy.0 = Release|Any CPU
		{647D5A38-7DD0-41C0-9D6B-E9AD5A97598D}.Release|iPhoneSimulator.ActiveCfg = Release|Any CPU
		{647D5A38-7DD0-41C0-9D6B-E9AD5A97598D}.Release|iPhoneSimulator.Build.0 = Release|Any CPU
		{647D5A38-7DD0-41C0-9D6B-E9AD5A97598D}.Release|iPhoneSimulator.Deploy.0 = Release|Any CPU
		{3D973DA0-C0F1-447A-B4A0-26A84A754024}.Ad-Hoc|Any CPU.ActiveCfg = Ad-Hoc|iPhone
		{3D973DA0-C0F1-447A-B4A0-26A84A754024}.Ad-Hoc|iPhone.ActiveCfg = Ad-Hoc|iPhone
		{3D973DA0-C0F1-447A-B4A0-26A84A754024}.Ad-Hoc|iPhone.Build.0 = Ad-Hoc|iPhone
		{3D973DA0-C0F1-447A-B4A0-26A84A754024}.Ad-Hoc|iPhoneSimulator.ActiveCfg = Ad-Hoc|iPhoneSimulator
		{3D973DA0-C0F1-447A-B4A0-26A84A754024}.Ad-Hoc|iPhoneSimulator.Build.0 = Ad-Hoc|iPhoneSimulator
		{3D973DA0-C0F1-447A-B4A0-26A84A754024}.AppStore|Any CPU.ActiveCfg = AppStore|iPhone
		{3D973DA0-C0F1-447A-B4A0-26A84A754024}.AppStore|iPhone.ActiveCfg = AppStore|iPhone
		{3D973DA0-C0F1-447A-B4A0-26A84A754024}.AppStore|iPhone.Build.0 = AppStore|iPhone
		{3D973DA0-C0F1-447A-B4A0-26A84A754024}.AppStore|iPhoneSimulator.ActiveCfg = AppStore|iPhoneSimulator
		{3D973DA0-C0F1-447A-B4A0-26A84A754024}.AppStore|iPhoneSimulator.Build.0 = AppStore|iPhoneSimulator
		{3D973DA0-C0F1-447A-B4A0-26A84A754024}.Debug|Any CPU.ActiveCfg = Debug|iPhone
		{3D973DA0-C0F1-447A-B4A0-26A84A754024}.Debug|iPhone.ActiveCfg = Debug|iPhone
		{3D973DA0-C0F1-447A-B4A0-26A84A754024}.Debug|iPhone.Build.0 = Debug|iPhone
		{3D973DA0-C0F1-447A-B4A0-26A84A754024}.Debug|iPhoneSimulator.ActiveCfg = Debug|iPhoneSimulator
		{3D973DA0-C0F1-447A-B4A0-26A84A754024}.Debug|iPhoneSimulator.Build.0 = Debug|iPhoneSimulator
		{3D973DA0-C0F1-447A-B4A0-26A84A754024}.Release|Any CPU.ActiveCfg = Release|iPhone
		{3D973DA0-C0F1-447A-B4A0-26A84A754024}.Release|iPhone.ActiveCfg = Release|iPhone
		{3D973DA0-C0F1-447A-B4A0-26A84A754024}.Release|iPhone.Build.0 = Release|iPhone
		{3D973DA0-C0F1-447A-B4A0-26A84A754024}.Release|iPhoneSimulator.ActiveCfg = Release|iPhoneSimulator
		{3D973DA0-C0F1-447A-B4A0-26A84A754024}.Release|iPhoneSimulator.Build.0 = Release|iPhoneSimulator
		{3F9721CE-8E89-4B31-A6AF-5C48DEC3175E}.Ad-Hoc|Any CPU.ActiveCfg = Debug|Any CPU
		{3F9721CE-8E89-4B31-A6AF-5C48DEC3175E}.Ad-Hoc|Any CPU.Build.0 = Debug|Any CPU
		{3F9721CE-8E89-4B31-A6AF-5C48DEC3175E}.Ad-Hoc|iPhone.ActiveCfg = Debug|Any CPU
		{3F9721CE-8E89-4B31-A6AF-5C48DEC3175E}.Ad-Hoc|iPhone.Build.0 = Debug|Any CPU
		{3F9721CE-8E89-4B31-A6AF-5C48DEC3175E}.Ad-Hoc|iPhoneSimulator.ActiveCfg = Debug|Any CPU
		{3F9721CE-8E89-4B31-A6AF-5C48DEC3175E}.Ad-Hoc|iPhoneSimulator.Build.0 = Debug|Any CPU
		{3F9721CE-8E89-4B31-A6AF-5C48DEC3175E}.AppStore|Any CPU.ActiveCfg = Debug|Any CPU
		{3F9721CE-8E89-4B31-A6AF-5C48DEC3175E}.AppStore|Any CPU.Build.0 = Debug|Any CPU
		{3F9721CE-8E89-4B31-A6AF-5C48DEC3175E}.AppStore|iPhone.ActiveCfg = Debug|Any CPU
		{3F9721CE-8E89-4B31-A6AF-5C48DEC3175E}.AppStore|iPhone.Build.0 = Debug|Any CPU
		{3F9721CE-8E89-4B31-A6AF-5C48DEC3175E}.AppStore|iPhoneSimulator.ActiveCfg = Debug|Any CPU
		{3F9721CE-8E89-4B31-A6AF-5C48DEC3175E}.AppStore|iPhoneSimulator.Build.0 = Debug|Any CPU
		{3F9721CE-8E89-4B31-A6AF-5C48DEC3175E}.Debug|Any CPU.ActiveCfg = Debug|Any CPU
		{3F9721CE-8E89-4B31-A6AF-5C48DEC3175E}.Debug|Any CPU.Build.0 = Debug|Any CPU
		{3F9721CE-8E89-4B31-A6AF-5C48DEC3175E}.Debug|iPhone.ActiveCfg = Debug|Any CPU
		{3F9721CE-8E89-4B31-A6AF-5C48DEC3175E}.Debug|iPhone.Build.0 = Debug|Any CPU
		{3F9721CE-8E89-4B31-A6AF-5C48DEC3175E}.Debug|iPhoneSimulator.ActiveCfg = Debug|Any CPU
		{3F9721CE-8E89-4B31-A6AF-5C48DEC3175E}.Debug|iPhoneSimulator.Build.0 = Debug|Any CPU
		{3F9721CE-8E89-4B31-A6AF-5C48DEC3175E}.Release|Any CPU.ActiveCfg = Release|Any CPU
		{3F9721CE-8E89-4B31-A6AF-5C48DEC3175E}.Release|Any CPU.Build.0 = Release|Any CPU
		{3F9721CE-8E89-4B31-A6AF-5C48DEC3175E}.Release|iPhone.ActiveCfg = Release|Any CPU
		{3F9721CE-8E89-4B31-A6AF-5C48DEC3175E}.Release|iPhone.Build.0 = Release|Any CPU
		{3F9721CE-8E89-4B31-A6AF-5C48DEC3175E}.Release|iPhoneSimulator.ActiveCfg = Release|Any CPU
		{3F9721CE-8E89-4B31-A6AF-5C48DEC3175E}.Release|iPhoneSimulator.Build.0 = Release|Any CPU
	EndGlobalSection
	GlobalSection(SolutionProperties) = preSolution
		HideSolutionNode = FALSE
	EndGlobalSection
	GlobalSection(ExtensibilityGlobals) = postSolution
		SolutionGuid = {6206EC15-60CB-4EB3-A7E2-F0DBC1C61E8F}
	EndGlobalSection
EndGlobal
