
Microsoft Visual Studio Solution File, Format Version 12.00
# Visual Studio 15
VisualStudioVersion = 15.0.28010.2003
MinimumVisualStudioVersion = 10.0.40219.1
Project("{FAE04EC0-301F-11D3-BF4B-00C04F79EFBC}") = "Pogodeo.Mobile.Android", "Pogodeo.Mobile\Pogodeo.Mobile.Android\Pogodeo.Mobile.Android.csproj", "{24CE3C36-16B9-426D-AA0C-5961ECF8D88C}"
EndProject
Project("{FAE04EC0-301F-11D3-BF4B-00C04F79EFBC}") = "Pogodeo.Mobile.iOS", "Pogodeo.Mobile\Pogodeo.Mobile.iOS\Pogodeo.Mobile.iOS.csproj", "{BD62027B-FAF6-43AC-9C69-6DB6E414BA2E}"
EndProject
Project("{9A19103F-16F7-4668-BE54-9A1E7A4F7556}") = "Pogodeo.Mobile", "Pogodeo.Mobile\Pogodeo.Mobile\Pogodeo.Mobile.csproj", "{27E7B325-FC69-43F3-881B-B58F3AE378C8}"
EndProject
Project("{9A19103F-16F7-4668-BE54-9A1E7A4F7556}") = "Pogodeo.Core", "..\Backend\Pogodeo.Core\Pogodeo.Core.csproj", "{7F9DAA9C-64CE-4CDA-83CC-639806DEDF49}"
EndProject
Global
	GlobalSection(SolutionConfigurationPlatforms) = preSolution
		Debug|Any CPU = Debug|Any CPU
		Debug|iPhone = Debug|iPhone
		Debug|iPhoneSimulator = Debug|iPhoneSimulator
		Release|Any CPU = Release|Any CPU
		Release|iPhone = Release|iPhone
		Release|iPhoneSimulator = Release|iPhoneSimulator
	EndGlobalSection
	GlobalSection(ProjectConfigurationPlatforms) = postSolution
		{24CE3C36-16B9-426D-AA0C-5961ECF8D88C}.Debug|Any CPU.ActiveCfg = Debug|Any CPU
		{24CE3C36-16B9-426D-AA0C-5961ECF8D88C}.Debug|Any CPU.Build.0 = Debug|Any CPU
		{24CE3C36-16B9-426D-AA0C-5961ECF8D88C}.Debug|Any CPU.Deploy.0 = Debug|Any CPU
		{24CE3C36-16B9-426D-AA0C-5961ECF8D88C}.Debug|iPhone.ActiveCfg = Debug|Any CPU
		{24CE3C36-16B9-426D-AA0C-5961ECF8D88C}.Debug|iPhone.Build.0 = Debug|Any CPU
		{24CE3C36-16B9-426D-AA0C-5961ECF8D88C}.Debug|iPhone.Deploy.0 = Debug|Any CPU
		{24CE3C36-16B9-426D-AA0C-5961ECF8D88C}.Debug|iPhoneSimulator.ActiveCfg = Debug|Any CPU
		{24CE3C36-16B9-426D-AA0C-5961ECF8D88C}.Debug|iPhoneSimulator.Build.0 = Debug|Any CPU
		{24CE3C36-16B9-426D-AA0C-5961ECF8D88C}.Debug|iPhoneSimulator.Deploy.0 = Debug|Any CPU
		{24CE3C36-16B9-426D-AA0C-5961ECF8D88C}.Release|Any CPU.ActiveCfg = Release|Any CPU
		{24CE3C36-16B9-426D-AA0C-5961ECF8D88C}.Release|Any CPU.Build.0 = Release|Any CPU
		{24CE3C36-16B9-426D-AA0C-5961ECF8D88C}.Release|Any CPU.Deploy.0 = Release|Any CPU
		{24CE3C36-16B9-426D-AA0C-5961ECF8D88C}.Release|iPhone.ActiveCfg = Release|Any CPU
		{24CE3C36-16B9-426D-AA0C-5961ECF8D88C}.Release|iPhone.Build.0 = Release|Any CPU
		{24CE3C36-16B9-426D-AA0C-5961ECF8D88C}.Release|iPhone.Deploy.0 = Release|Any CPU
		{24CE3C36-16B9-426D-AA0C-5961ECF8D88C}.Release|iPhoneSimulator.ActiveCfg = Release|Any CPU
		{24CE3C36-16B9-426D-AA0C-5961ECF8D88C}.Release|iPhoneSimulator.Build.0 = Release|Any CPU
		{24CE3C36-16B9-426D-AA0C-5961ECF8D88C}.Release|iPhoneSimulator.Deploy.0 = Release|Any CPU
		{BD62027B-FAF6-43AC-9C69-6DB6E414BA2E}.Debug|Any CPU.ActiveCfg = Debug|iPhoneSimulator
		{BD62027B-FAF6-43AC-9C69-6DB6E414BA2E}.Debug|Any CPU.Build.0 = Debug|iPhoneSimulator
		{BD62027B-FAF6-43AC-9C69-6DB6E414BA2E}.Debug|Any CPU.Deploy.0 = Debug|iPhoneSimulator
		{BD62027B-FAF6-43AC-9C69-6DB6E414BA2E}.Debug|iPhone.ActiveCfg = Debug|iPhone
		{BD62027B-FAF6-43AC-9C69-6DB6E414BA2E}.Debug|iPhone.Build.0 = Debug|iPhone
		{BD62027B-FAF6-43AC-9C69-6DB6E414BA2E}.Debug|iPhone.Deploy.0 = Debug|iPhone
		{BD62027B-FAF6-43AC-9C69-6DB6E414BA2E}.Debug|iPhoneSimulator.ActiveCfg = Debug|iPhoneSimulator
		{BD62027B-FAF6-43AC-9C69-6DB6E414BA2E}.Debug|iPhoneSimulator.Build.0 = Debug|iPhoneSimulator
		{BD62027B-FAF6-43AC-9C69-6DB6E414BA2E}.Debug|iPhoneSimulator.Deploy.0 = Debug|iPhoneSimulator
		{BD62027B-FAF6-43AC-9C69-6DB6E414BA2E}.Release|Any CPU.ActiveCfg = Release|iPhone
		{BD62027B-FAF6-43AC-9C69-6DB6E414BA2E}.Release|Any CPU.Build.0 = Release|iPhone
		{BD62027B-FAF6-43AC-9C69-6DB6E414BA2E}.Release|Any CPU.Deploy.0 = Release|iPhone
		{BD62027B-FAF6-43AC-9C69-6DB6E414BA2E}.Release|iPhone.ActiveCfg = Release|iPhone
		{BD62027B-FAF6-43AC-9C69-6DB6E414BA2E}.Release|iPhone.Build.0 = Release|iPhone
		{BD62027B-FAF6-43AC-9C69-6DB6E414BA2E}.Release|iPhone.Deploy.0 = Release|iPhone
		{BD62027B-FAF6-43AC-9C69-6DB6E414BA2E}.Release|iPhoneSimulator.ActiveCfg = Release|iPhoneSimulator
		{BD62027B-FAF6-43AC-9C69-6DB6E414BA2E}.Release|iPhoneSimulator.Build.0 = Release|iPhoneSimulator
		{BD62027B-FAF6-43AC-9C69-6DB6E414BA2E}.Release|iPhoneSimulator.Deploy.0 = Release|iPhoneSimulator
		{27E7B325-FC69-43F3-881B-B58F3AE378C8}.Debug|Any CPU.ActiveCfg = Debug|Any CPU
		{27E7B325-FC69-43F3-881B-B58F3AE378C8}.Debug|Any CPU.Build.0 = Debug|Any CPU
		{27E7B325-FC69-43F3-881B-B58F3AE378C8}.Debug|Any CPU.Deploy.0 = Debug|Any CPU
		{27E7B325-FC69-43F3-881B-B58F3AE378C8}.Debug|iPhone.ActiveCfg = Debug|Any CPU
		{27E7B325-FC69-43F3-881B-B58F3AE378C8}.Debug|iPhone.Build.0 = Debug|Any CPU
		{27E7B325-FC69-43F3-881B-B58F3AE378C8}.Debug|iPhone.Deploy.0 = Debug|Any CPU
		{27E7B325-FC69-43F3-881B-B58F3AE378C8}.Debug|iPhoneSimulator.ActiveCfg = Debug|Any CPU
		{27E7B325-FC69-43F3-881B-B58F3AE378C8}.Debug|iPhoneSimulator.Build.0 = Debug|Any CPU
		{27E7B325-FC69-43F3-881B-B58F3AE378C8}.Debug|iPhoneSimulator.Deploy.0 = Debug|Any CPU
		{27E7B325-FC69-43F3-881B-B58F3AE378C8}.Release|Any CPU.ActiveCfg = Release|Any CPU
		{27E7B325-FC69-43F3-881B-B58F3AE378C8}.Release|Any CPU.Build.0 = Release|Any CPU
		{27E7B325-FC69-43F3-881B-B58F3AE378C8}.Release|Any CPU.Deploy.0 = Release|Any CPU
		{27E7B325-FC69-43F3-881B-B58F3AE378C8}.Release|iPhone.ActiveCfg = Release|Any CPU
		{27E7B325-FC69-43F3-881B-B58F3AE378C8}.Release|iPhone.Build.0 = Release|Any CPU
		{27E7B325-FC69-43F3-881B-B58F3AE378C8}.Release|iPhone.Deploy.0 = Release|Any CPU
		{27E7B325-FC69-43F3-881B-B58F3AE378C8}.Release|iPhoneSimulator.ActiveCfg = Release|Any CPU
		{27E7B325-FC69-43F3-881B-B58F3AE378C8}.Release|iPhoneSimulator.Build.0 = Release|Any CPU
		{27E7B325-FC69-43F3-881B-B58F3AE378C8}.Release|iPhoneSimulator.Deploy.0 = Release|Any CPU
		{7F9DAA9C-64CE-4CDA-83CC-639806DEDF49}.Debug|Any CPU.ActiveCfg = Debug|Any CPU
		{7F9DAA9C-64CE-4CDA-83CC-639806DEDF49}.Debug|Any CPU.Build.0 = Debug|Any CPU
		{7F9DAA9C-64CE-4CDA-83CC-639806DEDF49}.Debug|iPhone.ActiveCfg = Debug|Any CPU
		{7F9DAA9C-64CE-4CDA-83CC-639806DEDF49}.Debug|iPhone.Build.0 = Debug|Any CPU
		{7F9DAA9C-64CE-4CDA-83CC-639806DEDF49}.Debug|iPhoneSimulator.ActiveCfg = Debug|Any CPU
		{7F9DAA9C-64CE-4CDA-83CC-639806DEDF49}.Debug|iPhoneSimulator.Build.0 = Debug|Any CPU
		{7F9DAA9C-64CE-4CDA-83CC-639806DEDF49}.Release|Any CPU.ActiveCfg = Release|Any CPU
		{7F9DAA9C-64CE-4CDA-83CC-639806DEDF49}.Release|Any CPU.Build.0 = Release|Any CPU
		{7F9DAA9C-64CE-4CDA-83CC-639806DEDF49}.Release|iPhone.ActiveCfg = Release|Any CPU
		{7F9DAA9C-64CE-4CDA-83CC-639806DEDF49}.Release|iPhone.Build.0 = Release|Any CPU
		{7F9DAA9C-64CE-4CDA-83CC-639806DEDF49}.Release|iPhoneSimulator.ActiveCfg = Release|Any CPU
		{7F9DAA9C-64CE-4CDA-83CC-639806DEDF49}.Release|iPhoneSimulator.Build.0 = Release|Any CPU
	EndGlobalSection
	GlobalSection(SolutionProperties) = preSolution
		HideSolutionNode = FALSE
	EndGlobalSection
	GlobalSection(ExtensibilityGlobals) = postSolution
		SolutionGuid = {A79D3205-F437-4D46-886A-0B26FD4167EA}
	EndGlobalSection
EndGlobal
